("quicklisp" .
 (:class qlot/source/dist:source-dist
  :initargs (:distribution "https://beta.quicklisp.org/dist/quicklisp.txt" :%version :latest)
  :version "2026-01-01"))
("woo" .
 (:class qlot/source/ql:source-ql
  :initargs (:%version :latest)
  :version "ql-2024-10-12"))
("ningle" .
 (:class qlot/source/ql:source-ql
  :initargs (:%version :latest)
  :version "ql-2024-10-12"))
("clack" .
 (:class qlot/source/ql:source-ql
  :initargs (:%version :latest)
  :version "ql-2025-06-22"))
("yason" .
 (:class qlot/source/ql:source-ql
  :initargs (:%version :latest)
  :version "ql-2025-06-22"))
("lack" .
 (:class qlot/source/ql:source-ql
  :initargs (:%version :latest)
  :version "ql-2026-01-01"))
("trivial-rfc-1123" .
 (:class qlot/source/ql:source-ql
  :initargs (:%version :latest)
  :version "ql-2022-07-07"))
("alexandria" .
 (:class qlot/source/ql:source-ql
  :initargs (:%version :latest)
  :version "ql-2024-10-12"))
("cl-dotenv" .
 (:class qlot/source/ql:source-ql
  :initargs (:%version :latest)
  :version "ql-2018-10-18"))
("ingle" .
 (:class qlot/source/git:source-git
  :initargs (:remote-url "https://codeberg.org/martianh/ingle.git")
  :version "git-8e0ab26dd902a235e4383e315ad7f171050abc4f"))
("djula" .
 (:class qlot/source/ql:source-ql
  :initargs (:%version :latest)
  :version "ql-2026-01-01"))
("access" .
 (:class qlot/source/ql:source-ql
  :initargs (:%version :latest)
  :version "ql-2025-06-22"))
("trivial-backtrace" .
 (:class qlot/source/ql:source-ql
  :initargs (:%version :latest)
  :version "ql-2023-02-14"))
("cl-slice" .
 (:class qlot/source/ql:source-ql
  :initargs (:%version :latest)
  :version "ql-2021-05-31"))
("let-plus" .
 (:class qlot/source/ql:source-ql
  :initargs (:%version :latest)
  :version "ql-2019-11-30"))
("cl-locale" .
 (:class qlot/source/ql:source-ql
  :initargs (:%version :latest)
  :version "ql-2015-10-31"))
("arnesi" .
 (:class qlot/source/ql:source-ql
  :initargs (:%version :latest)
  :version "ql-2025-06-22"))
("collectors" .
 (:class qlot/source/ql:source-ql
  :initargs (:%version :latest)
  :version "ql-2024-10-12"))
("symbol-munger" .
 (:class qlot/source/ql:source-ql
  :initargs (:%version :latest)
  :version "ql-2022-02-20"))
("cl-annot" .
 (:class qlot/source/ql:source-ql
  :initargs (:%version :latest)
  :version "ql-2015-06-08"))
("cl-syntax" .
 (:class qlot/source/ql:source-ql
  :initargs (:%version :latest)
  :version "ql-2015-04-07"))
("trivial-types" .
 (:class qlot/source/ql:source-ql
  :initargs (:%version :latest)
  :version "ql-2012-04-07"))
("babel" .
 (:class qlot/source/ql:source-ql
  :initargs (:%version :latest)
  :version "ql-2026-01-01"))
("cl-ppcre" .
 (:class qlot/source/ql:source-ql
  :initargs (:%version :latest)
  :version "ql-2025-06-22"))
("split-sequence" .
 (:class qlot/source/ql:source-ql
  :initargs (:%version :latest)
  :version "ql-2021-05-31"))
("local-time" .
 (:class qlot/source/ql:source-ql
  :initargs (:%version :latest)
  :version "ql-2026-01-01"))
("closer-mop" .
 (:class qlot/source/ql:source-ql
  :initargs (:%version :latest)
  :version "ql-2026-01-01"))
("gettext" .
 (:class qlot/source/ql:source-ql
  :initargs (:%version :latest)
  :version "ql-2017-11-30"))
("iterate" .
 (:class qlot/source/ql:source-ql
  :initargs (:%version :latest)
  :version "ql-2026-01-01"))
("uiop" .
 (:class qlot/source/ql:source-ql
  :initargs (:%version :latest)
  :version "ql-2024-10-12"))
("cl-parser-combinators" .
 (:class qlot/source/ql:source-ql
  :initargs (:%version :latest)
  :version "ql-2013-11-11"))
("named-readtables" .
 (:class qlot/source/ql:source-ql
  :initargs (:%version :latest)
  :version "ql-2026-01-01"))
("cl-yacc" .
 (:class qlot/source/ql:source-ql
  :initargs (:%version :latest)
  :version "ql-2026-01-01"))
("cl-markdown" .
 (:class qlot/source/ql:source-ql
  :initargs (:%version :latest)
  :version "ql-2019-12-27"))
("cl-json" .
 (:class qlot/source/ql:source-ql
  :initargs (:%version :latest)
  :version "ql-2022-07-07"))
